{
  "name": "@danish/pi-harness",
  "version": "0.1.0",
  "lockfileVersion": 3,
  "requires": true,
  "packages": {
    "": {
      "name": "@danish/pi-harness",
      "version": "0.1.0",
      "bin": {
        "pi-design": "bin/pi-run.mjs",
        "pi-doctor": "scripts/doctor.mjs",
        "pi-eng": "bin/pi-run.mjs",
        "pi-learn": "bin/pi-run.mjs",
        "pi-research": "bin/pi-run.mjs",
        "pi-run": "bin/pi-run.mjs"
      },
      "engines": {
        "node": ">=24"
      }
    }
  }
}
